
Microsoft Visual Studio Solution File, Format Version 12.00
# Visual Studio 15
VisualStudioVersion = 15.0.28307.1259
MinimumVisualStudioVersion = 10.0.40219.1
Project("{8BC9CEB8-8B4A-11D0-8D11-00A0C91BC942}") = "Tic-tac-toe", "Tic-tac-toe\Tic-tac-toe.vcxproj", "{63C078C9-ABC9-47FD-B160-1A007F5AB6A1}"
EndProject
Global
	GlobalSection(SolutionConfigurationPlatforms) = preSolution
		Debug|x64 = Debug|x64
		Debug|x86 = Debug|x86
		Release|x64 = Release|x64
		Release|x86 = Release|x86
	EndGlobalSection
	GlobalSection(ProjectConfigurationPlatforms) = postSolution
		{63C078C9-ABC9-47FD-B160-1A007F5AB6A1}.Debug|x64.ActiveCfg = Debug|x64
		{63C078C9-ABC9-47FD-B160-1A007F5AB6A1}.Debug|x64.Build.0 = Debug|x64
		{63C078C9-ABC9-47FD-B160-1A007F5AB6A1}.Debug|x86.ActiveCfg = Debug|Win32
		{63C078C9-ABC9-47FD-B160-1A007F5AB6A1}.Debug|x86.Build.0 = Debug|Win32
		{63C078C9-ABC9-47FD-B160-1A007F5AB6A1}.Release|x64.ActiveCfg = Release|x64
		{63C078C9-ABC9-47FD-B160-1A007F5AB6A1}.Release|x64.Build.0 = Release|x64
		{63C078C9-ABC9-47FD-B160-1A007F5AB6A1}.Release|x86.ActiveCfg = Release|Win32
		{63C078C9-ABC9-47FD-B160-1A007F5AB6A1}.Release|x86.Build.0 = Release|Win32
	EndGlobalSection
	GlobalSection(SolutionProperties) = preSolution
		HideSolutionNode = FALSE
	EndGlobalSection
	GlobalSection(ExtensibilityGlobals) = postSolution
		SolutionGuid = {CEC38564-D703-469F-86A5-7E3CAB454E23}
	EndGlobalSection
EndGlobal
